
Microsoft Visual Studio Solution File, Format Version 12.00
# Visual Studio 2013
VisualStudioVersion = 12.0.30501.0
MinimumVisualStudioVersion = 10.0.40219.1
Project("{FAE04EC0-301F-11D3-BF4B-00C04F79EFBC}") = "SharpBgfx", "SharpBgfx\SharpBgfx.csproj", "{4DE918D2-89AB-433D-9F22-BE0407FF0E59}"
EndProject
Project("{FAE04EC0-301F-11D3-BF4B-00C04F79EFBC}") = "DrawStress", "Samples\DrawStress\DrawStress.csproj", "{50AEDE2D-1B98-4E38-8299-9BAF02DCE2A5}"
EndProject
Project("{FAE04EC0-301F-11D3-BF4B-00C04F79EFBC}") = "Common", "Samples\Common\Common.csproj", "{921FCA6C-C4FB-432C-90F5-2D38E8EEACB4}"
EndProject
Project("{2150E333-8FDC-42A3-9474-1A3956D46DE8}") = "Samples", "Samples", "{665350FF-68E2-480F-A884-E1DC4F50436E}"
EndProject
Project("{FAE04EC0-301F-11D3-BF4B-00C04F79EFBC}") = "HelloWorld", "Samples\HelloWorld\HelloWorld.csproj", "{EB56B5B4-CDC8-408C-8B8E-747D46F957CA}"
EndProject
Global
	GlobalSection(SolutionConfigurationPlatforms) = preSolution
		Debug|Any CPU = Debug|Any CPU
		Release|Any CPU = Release|Any CPU
	EndGlobalSection
	GlobalSection(ProjectConfigurationPlatforms) = postSolution
		{4DE918D2-89AB-433D-9F22-BE0407FF0E59}.Debug|Any CPU.ActiveCfg = Debug|Any CPU
		{4DE918D2-89AB-433D-9F22-BE0407FF0E59}.Debug|Any CPU.Build.0 = Debug|Any CPU
		{4DE918D2-89AB-433D-9F22-BE0407FF0E59}.Release|Any CPU.ActiveCfg = Release|Any CPU
		{4DE918D2-89AB-433D-9F22-BE0407FF0E59}.Release|Any CPU.Build.0 = Release|Any CPU
		{50AEDE2D-1B98-4E38-8299-9BAF02DCE2A5}.Debug|Any CPU.ActiveCfg = Debug|Any CPU
		{50AEDE2D-1B98-4E38-8299-9BAF02DCE2A5}.Debug|Any CPU.Build.0 = Debug|Any CPU
		{50AEDE2D-1B98-4E38-8299-9BAF02DCE2A5}.Release|Any CPU.ActiveCfg = Release|Any CPU
		{50AEDE2D-1B98-4E38-8299-9BAF02DCE2A5}.Release|Any CPU.Build.0 = Release|Any CPU
		{921FCA6C-C4FB-432C-90F5-2D38E8EEACB4}.Debug|Any CPU.ActiveCfg = Debug|Any CPU
		{921FCA6C-C4FB-432C-90F5-2D38E8EEACB4}.Debug|Any CPU.Build.0 = Debug|Any CPU
		{921FCA6C-C4FB-432C-90F5-2D38E8EEACB4}.Release|Any CPU.ActiveCfg = Release|Any CPU
		{921FCA6C-C4FB-432C-90F5-2D38E8EEACB4}.Release|Any CPU.Build.0 = Release|Any CPU
		{EB56B5B4-CDC8-408C-8B8E-747D46F957CA}.Debug|Any CPU.ActiveCfg = Debug|Any CPU
		{EB56B5B4-CDC8-408C-8B8E-747D46F957CA}.Debug|Any CPU.Build.0 = Debug|Any CPU
		{EB56B5B4-CDC8-408C-8B8E-747D46F957CA}.Release|Any CPU.ActiveCfg = Release|Any CPU
		{EB56B5B4-CDC8-408C-8B8E-747D46F957CA}.Release|Any CPU.Build.0 = Release|Any CPU
	EndGlobalSection
	GlobalSection(SolutionProperties) = preSolution
		HideSolutionNode = FALSE
	EndGlobalSection
	GlobalSection(NestedProjects) = preSolution
		{50AEDE2D-1B98-4E38-8299-9BAF02DCE2A5} = {665350FF-68E2-480F-A884-E1DC4F50436E}
		{921FCA6C-C4FB-432C-90F5-2D38E8EEACB4} = {665350FF-68E2-480F-A884-E1DC4F50436E}
		{EB56B5B4-CDC8-408C-8B8E-747D46F957CA} = {665350FF-68E2-480F-A884-E1DC4F50436E}
	EndGlobalSection
EndGlobal
